# THIS IS AN AUTOGENERATED FILE. DO NOT EDIT THIS FILE DIRECTLY.
# yarn lockfile v1


"@ethersproject/address@^5.6.0", "@ethersproject/address@^5.6.1":
  version "5.6.1"
  resolved "https://registry.yarnpkg.com/@ethersproject/address/-/address-5.6.1.tgz#ab57818d9aefee919c5721d28cd31fd95eff413d"
  integrity sha512-uOgF0kS5MJv9ZvCz7x6T2EXJSzotiybApn4XlOgoTX0xdtyVIJ7pF+6cGPxiEq/dpBiTfMiw7Yc81JcwhSYA0Q==
  dependencies:
    "@ethersproject/bignumber" "^5.6.2"
    "@ethersproject/bytes" "^5.6.1"
    "@ethersproject/keccak256" "^5.6.1"
    "@ethersproject/logger" "^5.6.0"
    "@ethersproject/rlp" "^5.6.1"

"@ethersproject/bignumber@^5.6.2":
  version "5.6.2"
  resolved "https://registry.yarnpkg.com/@ethersproject/bignumber/-/bignumber-5.6.2.tgz#72a0717d6163fab44c47bcc82e0c550ac0315d66"
  integrity sha512-v7+EEUbhGqT3XJ9LMPsKvXYHFc8eHxTowFCG/HgJErmq4XHJ2WR7aeyICg3uTOAQ7Icn0GFHAohXEhxQHq4Ubw==
  dependencies:
    "@ethersproject/bytes" "^5.6.1"
    "@ethersproject/logger" "^5.6.0"
    bn.js "^5.2.1"

"@ethersproject/bytes@^5.6.1":
  version "5.6.1"
  resolved "https://registry.yarnpkg.com/@ethersproject/bytes/-/bytes-5.6.1.tgz#24f916e411f82a8a60412344bf4a813b917eefe7"
  integrity sha512-NwQt7cKn5+ZE4uDn+X5RAXLp46E1chXoaMmrxAyA0rblpxz8t58lVkrHXoRIn0lz1joQElQ8410GqhTqMOwc6g==
  dependencies:
    "@ethersproject/logger" "^5.6.0"

"@ethersproject/constants@^5.6.1":
  version "5.6.1"
  resolved "https://registry.yarnpkg.com/@ethersproject/constants/-/constants-5.6.1.tgz#e2e974cac160dd101cf79fdf879d7d18e8cb1370"
  integrity sha512-QSq9WVnZbxXYFftrjSjZDUshp6/eKp6qrtdBtUCm0QxCV5z1fG/w3kdlcsjMCQuQHUnAclKoK7XpXMezhRDOLg==
  dependencies:
    "@ethersproject/bignumber" "^5.6.2"

"@ethersproject/keccak256@^5.6.1":
  version "5.6.1"
  resolved "https://registry.yarnpkg.com/@ethersproject/keccak256/-/keccak256-5.6.1.tgz#b867167c9b50ba1b1a92bccdd4f2d6bd168a91cc"
  integrity sha512-bB7DQHCTRDooZZdL3lk9wpL0+XuG3XLGHLh3cePnybsO3V0rdCAOQGpn/0R3aODmnTOOkCATJiD2hnL+5bwthA==
  dependencies:
    "@ethersproject/bytes" "^5.6.1"
    js-sha3 "0.8.0"

"@ethersproject/logger@^5.6.0":
  version "5.6.0"
  resolved "https://registry.yarnpkg.com/@ethersproject/logger/-/logger-5.6.0.tgz#d7db1bfcc22fd2e4ab574cba0bb6ad779a9a3e7a"
  integrity sha512-BiBWllUROH9w+P21RzoxJKzqoqpkyM1pRnEKG69bulE9TSQD8SAIvTQqIMZmmCO8pUNkgLP1wndX1gKghSpBmg==

"@ethersproject/properties@^5.6.0":
  version "5.6.0"
  resolved "https://registry.yarnpkg.com/@ethersproject/properties/-/properties-5.6.0.tgz#38904651713bc6bdd5bdd1b0a4287ecda920fa04"
  integrity sha512-szoOkHskajKePTJSZ46uHUWWkbv7TzP2ypdEK6jGMqJaEt2sb0jCgfBo0gH0m2HBpRixMuJ6TBRaQCF7a9DoCg==
  dependencies:
    "@ethersproject/logger" "^5.6.0"

"@ethersproject/rlp@^5.6.1":
  version "5.6.1"
  resolved "https://registry.yarnpkg.com/@ethersproject/rlp/-/rlp-5.6.1.tgz#df8311e6f9f24dcb03d59a2bac457a28a4fe2bd8"
  integrity sha512-uYjmcZx+DKlFUk7a5/W9aQVaoEC7+1MOBgNtvNg13+RnuUwT4F0zTovC0tmay5SmRslb29V1B7Y5KCri46WhuQ==
  dependencies:
    "@ethersproject/bytes" "^5.6.1"
    "@ethersproject/logger" "^5.6.0"

"@ethersproject/signing-key@^5.6.2":
  version "5.6.2"
  resolved "https://registry.yarnpkg.com/@ethersproject/signing-key/-/signing-key-5.6.2.tgz#8a51b111e4d62e5a62aee1da1e088d12de0614a3"
  integrity sha512-jVbu0RuP7EFpw82vHcL+GP35+KaNruVAZM90GxgQnGqB6crhBqW/ozBfFvdeImtmb4qPko0uxXjn8l9jpn0cwQ==
  dependencies:
    "@ethersproject/bytes" "^5.6.1"
    "@ethersproject/logger" "^5.6.0"
    "@ethersproject/properties" "^5.6.0"
    bn.js "^5.2.1"
    elliptic "6.5.4"
    hash.js "1.1.7"

"@ethersproject/transactions@^5.6.0":
  version "5.6.2"
  resolved "https://registry.yarnpkg.com/@ethersproject/transactions/-/transactions-5.6.2.tgz#793a774c01ced9fe7073985bb95a4b4e57a6370b"
  integrity sha512-BuV63IRPHmJvthNkkt9G70Ullx6AcM+SDc+a8Aw/8Yew6YwT51TcBKEp1P4oOQ/bP25I18JJr7rcFRgFtU9B2Q==
  dependencies:
    "@ethersproject/address" "^5.6.1"
    "@ethersproject/bignumber" "^5.6.2"
    "@ethersproject/bytes" "^5.6.1"
    "@ethersproject/constants" "^5.6.1"
    "@ethersproject/keccak256" "^5.6.1"
    "@ethersproject/logger" "^5.6.0"
    "@ethersproject/properties" "^5.6.0"
    "@ethersproject/rlp" "^5.6.1"
    "@ethersproject/signing-key" "^5.6.2"

"@moralisweb3/api-utils@^2.0.1":
  version "2.0.1"
  resolved "https://registry.yarnpkg.com/@moralisweb3/api-utils/-/api-utils-2.0.1.tgz#b0719eb2ba6997a0614179200e791a520ca08b9e"
  integrity sha512-bhqSyn0asNj+OO588jhP5whpZpSJvoLK5vTIoHvumnoY2ODQa8vroOLyVIDvMPCmMcHabfU/waSNHr2rQ6YbaA==
  dependencies:
    "@moralisweb3/core" "^2.0.1"

"@moralisweb3/auth@^2.0.1":
  version "2.0.1"
  resolved "https://registry.yarnpkg.com/@moralisweb3/auth/-/auth-2.0.1.tgz#5d0b79745c01c1d091c0c575107cae7d121c73d4"
  integrity sha512-Sq0e5wp1bnwJ97BToDe9DysWYc2Me17uBNwhfohZ82S14ir/R+RfVTJ0JRLvuhD6N0zL5Nh62AONQMWuNJiVYQ==
  dependencies:
    "@moralisweb3/api-utils" "^2.0.1"
    "@moralisweb3/core" "^2.0.1"
    "@moralisweb3/evm-utils" "^2.0.1"

"@moralisweb3/core@^2.0.1":
  version "2.0.1"
  resolved "https://registry.yarnpkg.com/@moralisweb3/core/-/core-2.0.1.tgz#a9f047d3b3aacc165cdfcd69e0c97ec500053c82"
  integrity sha512-/bYdAytUbNbHnWVm6NAQGGKFfm8UoIBHlqvfMT1SBVnyLI8Y2Xzv7C4N6csBtWlIxBQ7W0ho8nEu6xlfzptXpw==
  dependencies:
    "@xstate/fsm" "^2.0.0"
    axios "^0.27.2"
    eventemitter3 "^4.0.7"
    typed-emitter "^2.1.0"

"@moralisweb3/evm-api@^2.0.1":
  version "2.0.1"
  resolved "https://registry.yarnpkg.com/@moralisweb3/evm-api/-/evm-api-2.0.1.tgz#63a00893c787384e85558b68a240af9e7da6870c"
  integrity sha512-waCwZ9tET0uJdRnUG2cWBauHmi85wnDALH8qdh23xwo6snSjxMYsV+LvtzQLe0jhShwyTAHvHgAuj5snpsKd6A==
  dependencies:
    "@moralisweb3/api-utils" "^2.0.1"
    "@moralisweb3/core" "^2.0.1"
    "@moralisweb3/evm-utils" "^2.0.1"

"@moralisweb3/evm-utils@^2.0.1":
  version "2.0.1"
  resolved "https://registry.yarnpkg.com/@moralisweb3/evm-utils/-/evm-utils-2.0.1.tgz#cb229c47a7ae8d6e46bb72f58d8f5266ed72ce4b"
  integrity sha512-KxnUxZiwOgRC5UnJTB4jUV945a78JZ0Y0BilZ5sQ2m9uyOHxp3VlOs1E63EHCeXM5Su1/BOlZmjr7i2hKzDEwQ==
  dependencies:
    "@ethersproject/address" "^5.6.0"
    "@ethersproject/transactions" "^5.6.0"
    "@moralisweb3/core" "^2.0.1"

"@moralisweb3/sol-api@^2.0.1":
  version "2.0.1"
  resolved "https://registry.yarnpkg.com/@moralisweb3/sol-api/-/sol-api-2.0.1.tgz#32bca31fba4ce87d19d3c4dc91caace59f997144"
  integrity sha512-Jcv64FgdIDhFBQUyecE2xeAjEJbhG8xdSi30+9u34CxJZG4U1GtqQUKJCXjXeaBGpxyE5sReFeBI3ZA2pNK5og==
  dependencies:
    "@moralisweb3/api-utils" "^2.0.1"
    "@moralisweb3/core" "^2.0.1"
    "@moralisweb3/sol-utils" "^2.0.1"

"@moralisweb3/sol-utils@^2.0.1":
  version "2.0.1"
  resolved "https://registry.yarnpkg.com/@moralisweb3/sol-utils/-/sol-utils-2.0.1.tgz#853fb050610e0192a6509481186a591c74dba3a8"
  integrity sha512-vcvq0/O/4qk88rDgZNLFdRIHVw+mgJJN5l7K4eqHoY/p21Ruwp7lLbBEvO2htuTTXB6w0glPUTvd998r6scjLA==
  dependencies:
    "@moralisweb3/core" "^2.0.1"

"@xstate/fsm@^2.0.0":
  version "2.0.0"
  resolved "https://registry.yarnpkg.com/@xstate/fsm/-/fsm-2.0.0.tgz#221db16b606df3f4675f5be6058b633ec4b8b44a"
  integrity sha512-p/zcvBMoU2ap5byMefLkR+AM+Eh99CU/SDEQeccgKlmFNOMDwphaRGqdk+emvel/SaGZ7Rf9sDvzAplLzLdEVQ==

asynckit@^0.4.0:
  version "0.4.0"
  resolved "https://registry.yarnpkg.com/asynckit/-/asynckit-0.4.0.tgz#c79ed97f7f34cb8f2ba1bc9790bcc366474b4b79"
  integrity sha512-Oei9OH4tRh0YqU3GxhX79dM/mwVgvbZJaSNaRk+bshkj0S5cfHcgYakreBjrHwatXKbz+IoIdYLxrKim2MjW0Q==

axios@^0.27.2:
  version "0.27.2"
  resolved "https://registry.yarnpkg.com/axios/-/axios-0.27.2.tgz#207658cc8621606e586c85db4b41a750e756d972"
  integrity sha512-t+yRIyySRTp/wua5xEr+z1q60QmLq8ABsS5O9Me1AsE5dfKqgnCFzwiCZZ/cGNd1lq4/7akDWMxdhVlucjmnOQ==
  dependencies:
    follow-redirects "^1.14.9"
    form-data "^4.0.0"

bn.js@^4.11.9:
  version "4.12.0"
  resolved "https://registry.yarnpkg.com/bn.js/-/bn.js-4.12.0.tgz#775b3f278efbb9718eec7361f483fb36fbbfea88"
  integrity sha512-c98Bf3tPniI+scsdk237ku1Dc3ujXQTSgyiPUDEOe7tRkhrqridvh8klBv0HCEso1OLOYcHuCv/cS6DNxKH+ZA==

bn.js@^5.2.1:
  version "5.2.1"
  resolved "https://registry.yarnpkg.com/bn.js/-/bn.js-5.2.1.tgz#0bc527a6a0d18d0aa8d5b0538ce4a77dccfa7b70"
  integrity sha512-eXRvHzWyYPBuB4NBy0cmYQjGitUrtqwbvlzP3G6VFnNRbsZQIxQ10PbKKHt8gZ/HW/D/747aDl+QkDqg3KQLMQ==

brorand@^1.1.0:
  version "1.1.0"
  resolved "https://registry.yarnpkg.com/brorand/-/brorand-1.1.0.tgz#12c25efe40a45e3c323eb8675a0a0ce57b22371f"
  integrity sha512-cKV8tMCEpQs4hK/ik71d6LrPOnpkpGBR0wzxqr68g2m/LB2GxVYQroAjMJZRVM1Y4BCjCKc3vAamxSzOY2RP+w==

combined-stream@^1.0.8:
  version "1.0.8"
  resolved "https://registry.yarnpkg.com/combined-stream/-/combined-stream-1.0.8.tgz#c3d45a8b34fd730631a110a8a2520682b31d5a7f"
  integrity sha512-FQN4MRfuJeHf7cBbBMJFXhKSDq+2kAArBlmRBvcvFE5BB1HZKXtSFASDhdlz9zOYwxh8lDdnvmMOe/+5cdoEdg==
  dependencies:
    delayed-stream "~1.0.0"

delayed-stream@~1.0.0:
  version "1.0.0"
  resolved "https://registry.yarnpkg.com/delayed-stream/-/delayed-stream-1.0.0.tgz#df3ae199acadfb7d440aaae0b29e2272b24ec619"
  integrity sha512-ZySD7Nf91aLB0RxL4KGrKHBXl7Eds1DAmEdcoVawXnLD7SDhpNgtuII2aAkg7a7QS41jxPSZ17p4VdGnMHk3MQ==

elliptic@6.5.4:
  version "6.5.4"
  resolved "https://registry.yarnpkg.com/elliptic/-/elliptic-6.5.4.tgz#da37cebd31e79a1367e941b592ed1fbebd58abbb"
  integrity sha512-iLhC6ULemrljPZb+QutR5TQGB+pdW6KGD5RSegS+8sorOZT+rdQFbsQFJgvN3eRqNALqJer4oQ16YvJHlU8hzQ==
  dependencies:
    bn.js "^4.11.9"
    brorand "^1.1.0"
    hash.js "^1.0.0"
    hmac-drbg "^1.0.1"
    inherits "^2.0.4"
    minimalistic-assert "^1.0.1"
    minimalistic-crypto-utils "^1.0.1"

eventemitter3@^4.0.7:
  version "4.0.7"
  resolved "https://registry.yarnpkg.com/eventemitter3/-/eventemitter3-4.0.7.tgz#2de9b68f6528d5644ef5c59526a1b4a07306169f"
  integrity sha512-8guHBZCwKnFhYdHr2ysuRWErTwhoN2X8XELRlrRwpmfeY2jjuUN4taQMsULKUVo1K4DvZl+0pgfyoysHxvmvEw==

follow-redirects@^1.14.9:
  version "1.15.1"
  resolved "https://registry.yarnpkg.com/follow-redirects/-/follow-redirects-1.15.1.tgz#0ca6a452306c9b276e4d3127483e29575e207ad5"
  integrity sha512-yLAMQs+k0b2m7cVxpS1VKJVvoz7SS9Td1zss3XRwXj+ZDH00RJgnuLx7E44wx02kQLrdM3aOOy+FpzS7+8OizA==

form-data@^4.0.0:
  version "4.0.0"
  resolved "https://registry.yarnpkg.com/form-data/-/form-data-4.0.0.tgz#93919daeaf361ee529584b9b31664dc12c9fa452"
  integrity sha512-ETEklSGi5t0QMZuiXoA/Q6vcnxcLQP5vdugSpuAyi6SVGi2clPPp+xgEhuMaHC+zGgn31Kd235W35f7Hykkaww==
  dependencies:
    asynckit "^0.4.0"
    combined-stream "^1.0.8"
    mime-types "^2.1.12"

hash.js@1.1.7, hash.js@^1.0.0, hash.js@^1.0.3:
  version "1.1.7"
  resolved "https://registry.yarnpkg.com/hash.js/-/hash.js-1.1.7.tgz#0babca538e8d4ee4a0f8988d68866537a003cf42"
  integrity sha512-taOaskGt4z4SOANNseOviYDvjEJinIkRgmp7LbKP2YTTmVxWBl87s/uzK9r+44BclBSp2X7K1hqeNfz9JbBeXA==
  dependencies:
    inherits "^2.0.3"
    minimalistic-assert "^1.0.1"

hmac-drbg@^1.0.1:
  version "1.0.1"
  resolved "https://registry.yarnpkg.com/hmac-drbg/-/hmac-drbg-1.0.1.tgz#d2745701025a6c775a6c545793ed502fc0c649a1"
  integrity sha512-Tti3gMqLdZfhOQY1Mzf/AanLiqh1WTiJgEj26ZuYQ9fbkLomzGchCws4FyrSd4VkpBfiNhaE1On+lOz894jvXg==
  dependencies:
    hash.js "^1.0.3"
    minimalistic-assert "^1.0.0"
    minimalistic-crypto-utils "^1.0.1"

inherits@^2.0.3, inherits@^2.0.4:
  version "2.0.4"
  resolved "https://registry.yarnpkg.com/inherits/-/inherits-2.0.4.tgz#0fa2c64f932917c3433a0ded55363aae37416b7c"
  integrity sha512-k/vGaX4/Yla3WzyMCvTQOXYeIHvqOKtnqBduzTHpzpQZzAskKMhZ2K+EnBiSM9zGSoIFeMpXKxa4dYeZIQqewQ==

js-sha3@0.8.0:
  version "0.8.0"
  resolved "https://registry.yarnpkg.com/js-sha3/-/js-sha3-0.8.0.tgz#b9b7a5da73afad7dedd0f8c463954cbde6818840"
  integrity sha512-gF1cRrHhIzNfToc802P800N8PpXS+evLLXfsVpowqmAFR9uwbi89WvXg2QspOmXL8QL86J4T1EpFu+yUkwJY3Q==

"js-tokens@^3.0.0 || ^4.0.0":
  version "4.0.0"
  resolved "https://registry.yarnpkg.com/js-tokens/-/js-tokens-4.0.0.tgz#19203fb59991df98e3a287050d4647cdeaf32499"
  integrity sha512-RdJUflcE3cUzKiMqQgsCu06FPu9UdIJO0beYbPhHN4k6apgJtifcoCtT9bcxOpYBtpD2kCM6Sbzg4CausW/PKQ==

loose-envify@^1.1.0:
  version "1.4.0"
  resolved "https://registry.yarnpkg.com/loose-envify/-/loose-envify-1.4.0.tgz#71ee51fa7be4caec1a63839f7e682d8132d30caf"
  integrity sha512-lyuxPGr/Wfhrlem2CL/UcnUc1zcqKAImBDzukY7Y5F/yQiNdko6+fRLevlw1HgMySw7f611UIY408EtxRSoK3Q==
  dependencies:
    js-tokens "^3.0.0 || ^4.0.0"

mime-db@1.52.0:
  version "1.52.0"
  resolved "https://registry.yarnpkg.com/mime-db/-/mime-db-1.52.0.tgz#bbabcdc02859f4987301c856e3387ce5ec43bf70"
  integrity sha512-sPU4uV7dYlvtWJxwwxHD0PuihVNiE7TyAbQ5SWxDCB9mUYvOgroQOwYQQOKPJ8CIbE+1ETVlOoK1UC2nU3gYvg==

mime-types@^2.1.12:
  version "2.1.35"
  resolved "https://registry.yarnpkg.com/mime-types/-/mime-types-2.1.35.tgz#381a871b62a734450660ae3deee44813f70d959a"
  integrity sha512-ZDY+bPm5zTTF+YpCrAU9nK0UgICYPT0QtT1NZWFv4s++TNkcgVaT0g6+4R2uI4MjQjzysHB1zxuWL50hzaeXiw==
  dependencies:
    mime-db "1.52.0"

minimalistic-assert@^1.0.0, minimalistic-assert@^1.0.1:
  version "1.0.1"
  resolved "https://registry.yarnpkg.com/minimalistic-assert/-/minimalistic-assert-1.0.1.tgz#2e194de044626d4a10e7f7fbc00ce73e83e4d5c7"
  integrity sha512-UtJcAD4yEaGtjPezWuO9wC4nwUnVH/8/Im3yEHQP4b67cXlD/Qr9hdITCU1xDbSEXg2XKNaP8jsReV7vQd00/A==

minimalistic-crypto-utils@^1.0.1:
  version "1.0.1"
  resolved "https://registry.yarnpkg.com/minimalistic-crypto-utils/-/minimalistic-crypto-utils-1.0.1.tgz#f6c00c1c0b082246e5c4d99dfb8c7c083b2b582a"
  integrity sha512-JIYlbt6g8i5jKfJ3xz7rF0LXmv2TkDxBLUkiBeZ7bAx4GnnNMr8xFpGnOxn6GhTEHx3SjRrZEoU+j04prX1ktg==

moralis@2.0.1:
  version "2.0.1"
  resolved "https://registry.yarnpkg.com/moralis/-/moralis-2.0.1.tgz#d31d952807e712428476f55d9ac4f36b45187420"
  integrity sha512-mjEB7le5K9OyR11ypyyEVHsaHIqAXXOmgKSp/l5V10dQY2Eiq9/gQv/Jj4i4S1z4Xs7kAJD6NibuAC/AWLN8bQ==
  dependencies:
    "@moralisweb3/api-utils" "^2.0.1"
    "@moralisweb3/auth" "^2.0.1"
    "@moralisweb3/core" "^2.0.1"
    "@moralisweb3/evm-api" "^2.0.1"
    "@moralisweb3/evm-utils" "^2.0.1"
    "@moralisweb3/sol-api" "^2.0.1"

react-dom@^18.2.0:
  version "18.2.0"
  resolved "https://registry.yarnpkg.com/react-dom/-/react-dom-18.2.0.tgz#22aaf38708db2674ed9ada224ca4aa708d821e3d"
  integrity sha512-6IMTriUmvsjHUjNtEDudZfuDQUoWXVxKHhlEGSk81n4YFS+r/Kl99wXiwlVXtPBtJenozv2P+hxDsw9eA7Xo6g==
  dependencies:
    loose-envify "^1.1.0"
    scheduler "^0.23.0"

react@^18.2.0:
  version "18.2.0"
  resolved "https://registry.yarnpkg.com/react/-/react-18.2.0.tgz#555bd98592883255fa00de14f1151a917b5d77d5"
  integrity sha512-/3IjMdb2L9QbBdWiW5e3P2/npwMBaU9mHCSCUzNln0ZCYbcfTsGbTJrU/kGemdH2IWmB2ioZ+zkxtmq6g09fGQ==
  dependencies:
    loose-envify "^1.1.0"

rxjs@^7.5.2:
  version "7.5.6"
  resolved "https://registry.yarnpkg.com/rxjs/-/rxjs-7.5.6.tgz#0446577557862afd6903517ce7cae79ecb9662bc"
  integrity sha512-dnyv2/YsXhnm461G+R/Pe5bWP41Nm6LBXEYWI6eiFP4fiwx6WRI/CD0zbdVAudd9xwLEF2IDcKXLHit0FYjUzw==
  dependencies:
    tslib "^2.1.0"

scheduler@^0.23.0:
  version "0.23.0"
  resolved "https://registry.yarnpkg.com/scheduler/-/scheduler-0.23.0.tgz#ba8041afc3d30eb206a487b6b384002e4e61fdfe"
  integrity sha512-CtuThmgHNg7zIZWAXi3AsyIzA3n4xx7aNyjwC2VJldO2LMVDhFK+63xGqq6CsJH4rTAt6/M+N4GhZiDYPx9eUw==
  dependencies:
    loose-envify "^1.1.0"

tslib@^2.1.0:
  version "2.4.0"
  resolved "https://registry.yarnpkg.com/tslib/-/tslib-2.4.0.tgz#7cecaa7f073ce680a05847aa77be941098f36dc3"
  integrity sha512-d6xOpEDfsi2CZVlPQzGeux8XMwLT9hssAsaPYExaQMuYskwb+x1x7J371tWlbBdWHroy99KnVB6qIkUbs5X3UQ==

typed-emitter@^2.1.0:
  version "2.1.0"
  resolved "https://registry.yarnpkg.com/typed-emitter/-/typed-emitter-2.1.0.tgz#ca78e3d8ef1476f228f548d62e04e3d4d3fd77fb"
  integrity sha512-g/KzbYKbH5C2vPkaXGu8DJlHrGKHLsM25Zg9WuC9pMGfuvT+X25tZQWo5fK1BjBm8+UrVE9LDCvaY0CQk+fXDA==
  optionalDependencies:
    rxjs "^7.5.2"
